
Microsoft Visual Studio Solution File, Format Version 12.00
# Visual Studio Version 17
VisualStudioVersion = 17.8.34112.27
MinimumVisualStudioVersion = 10.0.40219.1
Project("{2150E333-8FDC-42A3-9474-1A3956D46DE8}") = "src", "src", "{0F9B688B-E52E-430D-84D5-29CBA39448F6}"
EndProject
Project("{2150E333-8FDC-42A3-9474-1A3956D46DE8}") = "tests", "tests", "{92C2F24B-DEFD-4C58-8483-21B9B9D3B55A}"
EndProject
Project("{2150E333-8FDC-42A3-9474-1A3956D46DE8}") = "API", "API", "{16EBCD9E-61F8-4231-95EE-3304172858BA}"
EndProject
Project("{2150E333-8FDC-42A3-9474-1A3956D46DE8}") = "Core", "Core", "{37826F57-DEC2-4576-B8CE-79AEA659DC0C}"
EndProject
Project("{2150E333-8FDC-42A3-9474-1A3956D46DE8}") = "Infrastructure", "Infrastructure", "{2E7F2FDE-6F87-403D-910D-4CB4A83F6806}"
EndProject
Project("{2150E333-8FDC-42A3-9474-1A3956D46DE8}") = "UI", "UI", "{B769C532-6D5A-4732-87C5-022E4D559CD4}"
EndProject
Project("{9A19103F-16F7-4668-BE54-9A1E7A4F7556}") = "Octy.Domain", "Octy.Domain\Octy.Domain.csproj", "{90C8C3DB-1B8D-4286-B01B-D78E9543B89F}"
EndProject
Project("{9A19103F-16F7-4668-BE54-9A1E7A4F7556}") = "Octy.Application", "Octy.Application\Octy.Application.csproj", "{D6BC3F84-ADC3-4CF0-9440-C0A61A8E8B88}"
EndProject
Project("{9A19103F-16F7-4668-BE54-9A1E7A4F7556}") = "Octy.Persistence", "Octy.Persistence\Octy.Persistence.csproj", "{2B0C64FD-9833-405B-992F-B22C5EB9B630}"
EndProject
Project("{9A19103F-16F7-4668-BE54-9A1E7A4F7556}") = "Octy.Infrastructure", "Octy.Infrastructure\Octy.Infrastructure.csproj", "{56ED181C-0311-400A-8688-3F40830A30E6}"
EndProject
Project("{9A19103F-16F7-4668-BE54-9A1E7A4F7556}") = "Octy.API", "Octy.API\Octy.API.csproj", "{C4DFF2D0-0A03-4158-B30F-0B2749D39EDE}"
EndProject
Project("{9A19103F-16F7-4668-BE54-9A1E7A4F7556}") = "Octy.Identity", "Octy.Identity\Octy.Identity.csproj", "{AD0ABBEA-CE39-4501-B3AF-15331E56BC48}"
EndProject
Global
	GlobalSection(SolutionConfigurationPlatforms) = preSolution
		Debug|Any CPU = Debug|Any CPU
		Release|Any CPU = Release|Any CPU
	EndGlobalSection
	GlobalSection(ProjectConfigurationPlatforms) = postSolution
		{90C8C3DB-1B8D-4286-B01B-D78E9543B89F}.Debug|Any CPU.ActiveCfg = Debug|Any CPU
		{90C8C3DB-1B8D-4286-B01B-D78E9543B89F}.Debug|Any CPU.Build.0 = Debug|Any CPU
		{90C8C3DB-1B8D-4286-B01B-D78E9543B89F}.Release|Any CPU.ActiveCfg = Release|Any CPU
		{90C8C3DB-1B8D-4286-B01B-D78E9543B89F}.Release|Any CPU.Build.0 = Release|Any CPU
		{D6BC3F84-ADC3-4CF0-9440-C0A61A8E8B88}.Debug|Any CPU.ActiveCfg = Debug|Any CPU
		{D6BC3F84-ADC3-4CF0-9440-C0A61A8E8B88}.Debug|Any CPU.Build.0 = Debug|Any CPU
		{D6BC3F84-ADC3-4CF0-9440-C0A61A8E8B88}.Release|Any CPU.ActiveCfg = Release|Any CPU
		{D6BC3F84-ADC3-4CF0-9440-C0A61A8E8B88}.Release|Any CPU.Build.0 = Release|Any CPU
		{2B0C64FD-9833-405B-992F-B22C5EB9B630}.Debug|Any CPU.ActiveCfg = Debug|Any CPU
		{2B0C64FD-9833-405B-992F-B22C5EB9B630}.Debug|Any CPU.Build.0 = Debug|Any CPU
		{2B0C64FD-9833-405B-992F-B22C5EB9B630}.Release|Any CPU.ActiveCfg = Release|Any CPU
		{2B0C64FD-9833-405B-992F-B22C5EB9B630}.Release|Any CPU.Build.0 = Release|Any CPU
		{56ED181C-0311-400A-8688-3F40830A30E6}.Debug|Any CPU.ActiveCfg = Debug|Any CPU
		{56ED181C-0311-400A-8688-3F40830A30E6}.Debug|Any CPU.Build.0 = Debug|Any CPU
		{56ED181C-0311-400A-8688-3F40830A30E6}.Release|Any CPU.ActiveCfg = Release|Any CPU
		{56ED181C-0311-400A-8688-3F40830A30E6}.Release|Any CPU.Build.0 = Release|Any CPU
		{C4DFF2D0-0A03-4158-B30F-0B2749D39EDE}.Debug|Any CPU.ActiveCfg = Debug|Any CPU
		{C4DFF2D0-0A03-4158-B30F-0B2749D39EDE}.Debug|Any CPU.Build.0 = Debug|Any CPU
		{C4DFF2D0-0A03-4158-B30F-0B2749D39EDE}.Release|Any CPU.ActiveCfg = Release|Any CPU
		{C4DFF2D0-0A03-4158-B30F-0B2749D39EDE}.Release|Any CPU.Build.0 = Release|Any CPU
		{AD0ABBEA-CE39-4501-B3AF-15331E56BC48}.Debug|Any CPU.ActiveCfg = Debug|Any CPU
		{AD0ABBEA-CE39-4501-B3AF-15331E56BC48}.Debug|Any CPU.Build.0 = Debug|Any CPU
		{AD0ABBEA-CE39-4501-B3AF-15331E56BC48}.Release|Any CPU.ActiveCfg = Release|Any CPU
		{AD0ABBEA-CE39-4501-B3AF-15331E56BC48}.Release|Any CPU.Build.0 = Release|Any CPU
	EndGlobalSection
	GlobalSection(SolutionProperties) = preSolution
		HideSolutionNode = FALSE
	EndGlobalSection
	GlobalSection(NestedProjects) = preSolution
		{16EBCD9E-61F8-4231-95EE-3304172858BA} = {0F9B688B-E52E-430D-84D5-29CBA39448F6}
		{37826F57-DEC2-4576-B8CE-79AEA659DC0C} = {0F9B688B-E52E-430D-84D5-29CBA39448F6}
		{2E7F2FDE-6F87-403D-910D-4CB4A83F6806} = {0F9B688B-E52E-430D-84D5-29CBA39448F6}
		{B769C532-6D5A-4732-87C5-022E4D559CD4} = {0F9B688B-E52E-430D-84D5-29CBA39448F6}
		{90C8C3DB-1B8D-4286-B01B-D78E9543B89F} = {37826F57-DEC2-4576-B8CE-79AEA659DC0C}
		{D6BC3F84-ADC3-4CF0-9440-C0A61A8E8B88} = {37826F57-DEC2-4576-B8CE-79AEA659DC0C}
		{2B0C64FD-9833-405B-992F-B22C5EB9B630} = {2E7F2FDE-6F87-403D-910D-4CB4A83F6806}
		{56ED181C-0311-400A-8688-3F40830A30E6} = {2E7F2FDE-6F87-403D-910D-4CB4A83F6806}
		{C4DFF2D0-0A03-4158-B30F-0B2749D39EDE} = {16EBCD9E-61F8-4231-95EE-3304172858BA}
		{AD0ABBEA-CE39-4501-B3AF-15331E56BC48} = {2E7F2FDE-6F87-403D-910D-4CB4A83F6806}
	EndGlobalSection
	GlobalSection(ExtensibilityGlobals) = postSolution
		SolutionGuid = {02CCB395-AC10-4BEA-BFB3-90E743263AA3}
	EndGlobalSection
EndGlobal
